PODS:
  - CocoaAsyncSocket (7.6.3)

DEPENDENCIES:
  - CocoaAsyncSocket (~> 7.6.3)

SPEC REPOS:
  https://mirrors.tuna.tsinghua.edu.cn/git/CocoaPods/Specs.git:
    - CocoaAsyncSocket

SPEC CHECKSUMS:
  CocoaAsyncSocket: eafaa68a7e0ec99ead0a7b35015e0bf25d2c8987

PODFILE CHECKSUM: e173a4e56c0503cf285e9f49d686df0996cd82be

COCOAPODS: 1.8.4
